// !$*UTF8*$!
{
	archiveVersion = 1;
	classes = {
	};
	objectVersion = 48;
	objects = {

/* Begin PBXBuildFile section */
		8C866A391F79F9A300AFFC13 /* AmazingButton.swift in Sources */ = {isa = PBXBuildFile; fileRef = 8C866A381F79F9A300AFFC13 /* AmazingButton.swift */; };
		8CDCF43A1F77F2EE006BAA35 /* AppDelegate.swift in Sources */ = {isa = PBXBuildFile; fileRef = 8CDCF4391F77F2EE006BAA35 /* AppDelegate.swift */; };
		8CDCF43C1F77F2EE006BAA35 /* ViewController.swift in Sources */ = {isa = PBXBuildFile; fileRef = 8CDCF43B1F77F2EE006BAA35 /* ViewController.swift */; };
		8CDCF43F1F77F2EE006BAA35 /* Main.storyboard in Resources */ = {isa = PBXBuildFile; fileRef = 8CDCF43D1F77F2EE006BAA35 /* Main.storyboard */; };
		8CDCF4411F77F2EE006BAA35 /* Assets.xcassets in Resources */ = {isa = PBXBuildFile; fileRef = 8CDCF4401F77F2EE006BAA35 /* Assets.xcassets */; };
		8CDCF4441F77F2EE006BAA35 /* LaunchScreen.storyboard in Resources */ = {isa = PBXBuildFile; fileRef = 8CDCF4421F77F2EE006BAA35 /* LaunchScreen.storyboard */; };
		8CDEA84D1F7A0DE7003BFD79 /* AwesomeView.xib in Resources */ = {isa = PBXBuildFile; fileRef = 8CDEA84C1F7A0DE7003BFD79 /* AwesomeView.xib */; };
		8CDEA84F1F7A101E003BFD79 /* AwesomeView.swift in Sources */ = {isa = PBXBuildFile; fileRef = 8CDEA84E1F7A101E003BFD79 /* AwesomeView.swift */; };
/* End PBXBuildFile section */

/* Begin PBXFileReference section */
		8C866A381F79F9A300AFFC13 /* AmazingButton.swift */ = {isa = PBXFileReference; lastKnownFileType = sourcecode.swift; path = AmazingButton.swift; sourceTree = "<group>"; };
		8CDCF4361F77F2EE006BAA35 /* IBComponents.app */ = {isa = PBXFileReference; explicitFileType = wrapper.application; includeInIndex = 0; path = IBComponents.app; sourceTree = BUILT_PRODUCTS_DIR; };
		8CDCF4391F77F2EE006BAA35 /* AppDelegate.swift */ = {isa = PBXFileReference; lastKnownFileType = sourcecode.swift; path = AppDelegate.swift; sourceTree = "<group>"; };
		8CDCF43B1F77F2EE006BAA35 /* ViewController.swift */ = {isa = PBXFileReference; lastKnownFileType = sourcecode.swift; path = ViewController.swift; sourceTree = "<group>"; };
		8CDCF43E1F77F2EE006BAA35 /* Base */ = {isa = PBXFileReference; lastKnownFileType = file.storyboard; name = Base; path = Base.lproj/Main.storyboard; sourceTree = "<group>"; };
		8CDCF4401F77F2EE006BAA35 /* Assets.xcassets */ = {isa = PBXFileReference; lastKnownFileType = folder.assetcatalog; path = Assets.xcassets; sourceTree = "<group>"; };
		8CDCF4431F77F2EE006BAA35 /* Base */ = {isa = PBXFileReference; lastKnownFileType = file.storyboard; name = Base; path = Base.lproj/LaunchScreen.storyboard; sourceTree = "<group>"; };
		8CDCF4451F77F2EE006BAA35 /* Info.plist */ = {isa = PBXFileReference; lastKnownFileType = text.plist.xml; path = Info.plist; sourceTree = "<group>"; };
		8CDEA84C1F7A0DE7003BFD79 /* AwesomeView.xib */ = {isa = PBXFileReference; lastKnownFileType = file.xib; path = AwesomeView.xib; sourceTree = "<group>"; };
		8CDEA84E1F7A101E003BFD79 /* AwesomeView.swift */ = {isa = PBXFileReference; lastKnownFileType = sourcecode.swift; path = AwesomeView.swift; sourceTree = "<group>"; };
/* End PBXFileReference section */

/* Begin PBXFrameworksBuildPhase section */
		8CDCF4331F77F2EE006BAA35 /* Frameworks */ = {
			isa = PBXFrameworksBuildPhase;
			buildActionMask = 2147483647;
			files = (
			);
			runOnlyForDeploymentPostprocessing = 0;
		};
/* End PBXFrameworksBuildPhase section */

/* Begin PBXGroup section */
		8C7A37C41F7A67F30041831B /* App */ = {
			isa = PBXGroup;
			children = (
				8CDCF4401F77F2EE006BAA35 /* Assets.xcassets */,
				8CDCF4451F77F2EE006BAA35 /* Info.plist */,
				8CDCF4391F77F2EE006BAA35 /* AppDelegate.swift */,
				8CDCF4421F77F2EE006BAA35 /* LaunchScreen.storyboard */,
			);
			path = App;
			sourceTree = "<group>";
		};
		8CDCF42D1F77F2EE006BAA35 = {
			isa = PBXGroup;
			children = (
				8CDCF4381F77F2EE006BAA35 /* IBComponents */,
				8CDCF4371F77F2EE006BAA35 /* Products */,
			);
			sourceTree = "<group>";
		};
		8CDCF4371F77F2EE006BAA35 /* Products */ = {
			isa = PBXGroup;
			children = (
				8CDCF4361F77F2EE006BAA35 /* IBComponents.app */,
			);
			name = Products;
			sourceTree = "<group>";
		};
		8CDCF4381F77F2EE006BAA35 /* IBComponents */ = {
			isa = PBXGroup;
			children = (
				8CDCF43D1F77F2EE006BAA35 /* Main.storyboard */,
				8CDCF43B1F77F2EE006BAA35 /* ViewController.swift */,
				8CDEA84C1F7A0DE7003BFD79 /* AwesomeView.xib */,
				8CDEA84E1F7A101E003BFD79 /* AwesomeView.swift */,
				8C866A381F79F9A300AFFC13 /* AmazingButton.swift */,
				8C7A37C41F7A67F30041831B /* App */,
			);
			path = IBComponents;
			sourceTree = "<group>";
		};
/* End PBXGroup section */

/* Begin PBXNativeTarget section */
		8CDCF4351F77F2EE006BAA35 /* IBComponents */ = {
			isa = PBXNativeTarget;
			buildConfigurationList = 8CDCF4481F77F2EE006BAA35 /* Build configuration list for PBXNativeTarget "IBComponents" */;
			buildPhases = (
				8CDCF4321F77F2EE006BAA35 /* Sources */,
				8CDCF4331F77F2EE006BAA35 /* Frameworks */,
				8CDCF4341F77F2EE006BAA35 /* Resources */,
			);
			buildRules = (
			);
			dependencies = (
			);
			name = IBComponents;
			productName = IBComponents;
			productReference = 8CDCF4361F77F2EE006BAA35 /* IBComponents.app */;
			productType = "com.apple.product-type.application";
		};
/* End PBXNativeTarget section */

/* Begin PBXProject section */
		8CDCF42E1F77F2EE006BAA35 /* Project object */ = {
			isa = PBXProject;
			attributes = {
				LastSwiftUpdateCheck = 0900;
				LastUpgradeCheck = 0900;
				ORGANIZATIONNAME = "Ricardo Gehrke Filho";
				TargetAttributes = {
					8CDCF4351F77F2EE006BAA35 = {
						CreatedOnToolsVersion = 9.0;
						ProvisioningStyle = Automatic;
					};
				};
			};
			buildConfigurationList = 8CDCF4311F77F2EE006BAA35 /* Build configuration list for PBXProject "IBComponents" */;
			compatibilityVersion = "Xcode 8.0";
			developmentRegion = en;
			hasScannedForEncodings = 0;
			knownRegions = (
				en,
				Base,
			);
			mainGroup = 8CDCF42D1F77F2EE006BAA35;
			productRefGroup = 8CDCF4371F77F2EE006BAA35 /* Products */;
			projectDirPath = "";
			projectRoot = "";
			targets = (
				8CDCF4351F77F2EE006BAA35 /* IBComponents */,
			);
		};
/* End PBXProject section */

/* Begin PBXResourcesBuildPhase section */
		8CDCF4341F77F2EE006BAA35 /* Resources */ = {
			isa = PBXResourcesBuildPhase;
			buildActionMask = 2147483647;
			files = (
				8CDEA84D1F7A0DE7003BFD79 /* AwesomeView.xib in Resources */,
				8CDCF4441F77F2EE006BAA35 /* LaunchScreen.storyboard in Resources */,
				8CDCF4411F77F2EE006BAA35 /* Assets.xcassets in Resources */,
				8CDCF43F1F77F2EE006BAA35 /* Main.storyboard in Resources */,
			);
			runOnlyForDeploymentPostprocessing = 0;
		};
/* End PBXResourcesBuildPhase section */

/* Begin PBXSourcesBuildPhase section */
		8CDCF4321F77F2EE006BAA35 /* Sources */ = {
			isa = PBXSourcesBuildPhase;
			buildActionMask = 2147483647;
			files = (
				8CDEA84F1F7A101E003BFD79 /* AwesomeView.swift in Sources */,
				8CDCF43C1F77F2EE006BAA35 /* ViewController.swift in Sources */,
				8C866A391F79F9A300AFFC13 /* AmazingButton.swift in Sources */,
				8CDCF43A1F77F2EE006BAA35 /* AppDelegate.swift in Sources */,
			);
			runOnlyForDeploymentPostprocessing = 0;
		};
/* End PBXSourcesBuildPhase section */

/* Begin PBXVariantGroup section */
		8CDCF43D1F77F2EE006BAA35 /* Main.storyboard */ = {
			isa = PBXVariantGroup;
			children = (
				8CDCF43E1F77F2EE006BAA35 /* Base */,
			);
			name = Main.storyboard;
			sourceTree = "<group>";
		};
		8CDCF4421F77F2EE006BAA35 /* LaunchScreen.storyboard */ = {
			isa = PBXVariantGroup;
			children = (
				8CDCF4431F77F2EE006BAA35 /* Base */,
			);
			name = LaunchScreen.storyboard;
			sourceTree = "<group>";
		};
/* End PBXVariantGroup section */

/* Begin XCBuildConfiguration section */
		8CDCF4461F77F2EE006BAA35 /* Debug */ = {
			isa = XCBuildConfiguration;
			buildSettings = {
				ALWAYS_SEARCH_USER_PATHS = NO;
				CLANG_ANALYZER_NONNULL = YES;
				CLANG_ANALYZER_NUMBER_OBJECT_CONVERSION = YES_AGGRESSIVE;
				CLANG_CXX_LANGUAGE_STANDARD = "gnu++14";
				CLANG_CXX_LIBRARY = "libc++";
				CLANG_ENABLE_MODULES = YES;
				CLANG_ENABLE_OBJC_ARC = YES;
				CLANG_WARN_BLOCK_CAPTURE_AUTORELEASING = YES;
				CLANG_WARN_BOOL_CONVERSION = YES;
				CLANG_WARN_COMMA = YES;
				CLANG_WARN_CONSTANT_CONVERSION = YES;
				CLANG_WARN_DIRECT_OBJC_ISA_USAGE = YES_ERROR;
				CLANG_WARN_DOCUMENTATION_COMMENTS = YES;
				CLANG_WARN_EMPTY_BODY = YES;
				CLANG_WARN_ENUM_CONVERSION = YES;
				CLANG_WARN_INFINITE_RECURSION = YES;
				CLANG_WARN_INT_CONVERSION = YES;
				CLANG_WARN_NON_LITERAL_NULL_CONVERSION = YES;
				CLANG_WARN_OBJC_LITERAL_CONVERSION = YES;
				CLANG_WARN_OBJC_ROOT_CLASS = YES_ERROR;
				CLANG_WARN_RANGE_LOOP_ANALYSIS = YES;
				CLANG_WARN_STRICT_PROTOTYPES = YES;
				CLANG_WARN_SUSPICIOUS_MOVE = YES;
				CLANG_WARN_UNGUARDED_AVAILABILITY = YES_AGGRESSIVE;
				CLANG_WARN_UNREACHABLE_CODE = YES;
				CLANG_WARN__DUPLICATE_METHOD_MATCH = YES;
				CODE_SIGN_IDENTITY = "iPhone Developer";
				COPY_PHASE_STRIP = NO;
				DEBUG_INFORMATION_FORMAT = dwarf;
				ENABLE_STRICT_OBJC_MSGSEND = YES;
				ENABLE_TESTABILITY = YES;
				GCC_C_LANGUAGE_STANDARD = gnu11;
				GCC_DYNAMIC_NO_PIC = NO;
				GCC_NO_COMMON_BLOCKS = YES;
				GCC_OPTIMIZATION_LEVEL = 0;
				GCC_PREPROCESSOR_DEFINITIONS = (
					"DEBUG=1",
					"$(inherited)",
				);
				GCC_WARN_64_TO_32_BIT_CONVERSION = YES;
				GCC_WARN_ABOUT_RETURN_TYPE = YES_ERROR;
				GCC_WARN_UNDECLARED_SELECTOR = YES;
				GCC_WARN_UNINITIALIZED_AUTOS = YES_AGGRESSIVE;
				GCC_WARN_UNUSED_FUNCTION = YES;
				GCC_WARN_UNUSED_VARIABLE = YES;
				IPHONEOS_DEPLOYMENT_TARGET = 11.0;
				MTL_ENABLE_DEBUG_INFO = YES;
				ONLY_ACTIVE_ARCH = YES;
				SDKROOT = iphoneos;
				SWIFT_ACTIVE_COMPILATION_CONDITIONS = DEBUG;
				SWIFT_OPTIMIZATION_LEVEL = "-Onone";
			};
			name = Debug;
		};
		8CDCF4471F77F2EE006BAA35 /* Release */ = {
			isa = XCBuildConfiguration;
			buildSettings = {
				ALWAYS_SEARCH_USER_PATHS = NO;
				CLANG_ANALYZER_NONNULL = YES;
				CLANG_ANALYZER_NUMBER_OBJECT_CONVERSION = YES_AGGRESSIVE;
				CLANG_CXX_LANGUAGE_STANDARD = "gnu++14";
				CLANG_CXX_LIBRARY = "libc++";
				CLANG_ENABLE_MODULES = YES;
				CLANG_ENABLE_OBJC_ARC = YES;
				CLANG_WARN_BLOCK_CAPTURE_AUTORELEASING = YES;
				CLANG_WARN_BOOL_CONVERSION = YES;
				CLANG_WARN_COMMA = YES;
				CLANG_WARN_CONSTANT_CONVERSION = YES;
				CLANG_WARN_DIRECT_OBJC_ISA_USAGE = YES_ERROR;
				CLANG_WARN_DOCUMENTATION_COMMENTS = YES;
				CLANG_WARN_EMPTY_BODY = YES;
				CLANG_WARN_ENUM_CONVERSION = YES;
				CLANG_WARN_INFINITE_RECURSION = YES;
				CLANG_WARN_INT_CONVERSION = YES;
				CLANG_WARN_NON_LITERAL_NULL_CONVERSION = YES;
				CLANG_WARN_OBJC_LITERAL_CONVERSION = YES;
				CLANG_WARN_OBJC_ROOT_CLASS = YES_ERROR;
				CLANG_WARN_RANGE_LOOP_ANALYSIS = YES;
				CLANG_WARN_STRICT_PROTOTYPES = YES;
				CLANG_WARN_SUSPICIOUS_MOVE = YES;
				CLANG_WARN_UNGUARDED_AVAILABILITY = YES_AGGRESSIVE;
				CLANG_WARN_UNREACHABLE_CODE = YES;
				CLANG_WARN__DUPLICATE_METHOD_MATCH = YES;
				CODE_SIGN_IDENTITY = "iPhone Developer";
				COPY_PHASE_STRIP = NO;
				DEBUG_INFORMATION_FORMAT = "dwarf-with-dsym";
				ENABLE_NS_ASSERTIONS = NO;
				ENABLE_STRICT_OBJC_MSGSEND = YES;
				GCC_C_LANGUAGE_STANDARD = gnu11;
				GCC_NO_COMMON_BLOCKS = YES;
				GCC_WARN_64_TO_32_BIT_CONVERSION = YES;
				GCC_WARN_ABOUT_RETURN_TYPE = YES_ERROR;
				GCC_WARN_UNDECLARED_SELECTOR = YES;
				GCC_WARN_UNINITIALIZED_AUTOS = YES_AGGRESSIVE;
				GCC_WARN_UNUSED_FUNCTION = YES;
				GCC_WARN_UNUSED_VARIABLE = YES;
				IPHONEOS_DEPLOYMENT_TARGET = 11.0;
				MTL_ENABLE_DEBUG_INFO = NO;
				SDKROOT = iphoneos;
				SWIFT_OPTIMIZATION_LEVEL = "-Owholemodule";
				VALIDATE_PRODUCT = YES;
			};
			name = Release;
		};
		8CDCF4491F77F2EE006BAA35 /* Debug */ = {
			isa = XCBuildConfiguration;
			buildSettings = {
				ASSETCATALOG_COMPILER_APPICON_NAME = AppIcon;
				CODE_SIGN_STYLE = Automatic;
				INFOPLIST_FILE = "$(SRCROOT)/IBComponents/App/Info.plist";
				LD_RUNPATH_SEARCH_PATHS = "$(inherited) @executable_path/Frameworks";
				PRODUCT_BUNDLE_IDENTIFIER = br.com.ricardofilho.IBComponents;
				PRODUCT_NAME = "$(TARGET_NAME)";
				SWIFT_VERSION = 4.0;
				TARGETED_DEVICE_FAMILY = "1,2";
			};
			name = Debug;
		};
		8CDCF44A1F77F2EE006BAA35 /* Release */ = {
			isa = XCBuildConfiguration;
			buildSettings = {
				ASSETCATALOG_COMPILER_APPICON_NAME = AppIcon;
				CODE_SIGN_STYLE = Automatic;
				INFOPLIST_FILE = "$(SRCROOT)/IBComponents/App/Info.plist";
				LD_RUNPATH_SEARCH_PATHS = "$(inherited) @executable_path/Frameworks";
				PRODUCT_BUNDLE_IDENTIFIER = br.com.ricardofilho.IBComponents;
				PRODUCT_NAME = "$(TARGET_NAME)";
				SWIFT_VERSION = 4.0;
				TARGETED_DEVICE_FAMILY = "1,2";
			};
			name = Release;
		};
/* End XCBuildConfiguration section */

/* Begin XCConfigurationList section */
		8CDCF4311F77F2EE006BAA35 /* Build configuration list for PBXProject "IBComponents" */ = {
			isa = XCConfigurationList;
			buildConfigurations = (
				8CDCF4461F77F2EE006BAA35 /* Debug */,
				8CDCF4471F77F2EE006BAA35 /* Release */,
			);
			defaultConfigurationIsVisible = 0;
			defaultConfigurationName = Release;
		};
		8CDCF4481F77F2EE006BAA35 /* Build configuration list for PBXNativeTarget "IBComponents" */ = {
			isa = XCConfigurationList;
			buildConfigurations = (
				8CDCF4491F77F2EE006BAA35 /* Debug */,
				8CDCF44A1F77F2EE006BAA35 /* Release */,
			);
			defaultConfigurationIsVisible = 0;
			defaultConfigurationName = Release;
		};
/* End XCConfigurationList section */
	};
	rootObject = 8CDCF42E1F77F2EE006BAA35 /* Project object */;
}
